{
  "name": "ProlificStudiesGoogle",
  "lockfileVersion": 3,
  "requires": true,
  "packages": {
    "": {
      "dependencies": {
        "typescript": "^5.3.3"
      },
      "devDependencies": {
        "@types/chrome": "^0.0.259"
      }
    },
    "node_modules/@types/chrome": {
      "version": "0.0.259",
      "resolved": "https://netom.ixtlan-team.si/artifactory/api/npm/ixtlan-npm/@types/chrome/-/chrome-0.0.259.tgz",
      "integrity": "sha1-XlWUGz9AZ9CIwK2BwJRzMSjbDwo=",
      "dev": true,
      "license": "MIT",
      "dependencies": {
        "@types/filesystem": "*",
        "@types/har-format": "*"
      }
    },
    "node_modules/@types/filesystem": {
      "version": "0.0.35",
      "resolved": "https://netom.ixtlan-team.si/artifactory/api/npm/ixtlan-npm/@types/filesystem/-/filesystem-0.0.35.tgz",
      "integrity": "sha1-bWdmYmCD4rOXwJvcVwkoJxINsR0=",
      "dev": true,
      "license": "MIT",
      "dependencies": {
        "@types/filewriter": "*"
      }
    },
    "node_modules/@types/filewriter": {
      "version": "0.0.32",
      "resolved": "https://netom.ixtlan-team.si/artifactory/api/npm/ixtlan-npm/@types/filewriter/-/filewriter-0.0.32.tgz",
      "integrity": "sha1-PPfg+HDlTmDtG72SgPokqURNO0g=",
      "dev": true,
      "license": "MIT"
    },
    "node_modules/@types/har-format": {
      "version": "1.2.15",
      "resolved": "https://netom.ixtlan-team.si/artifactory/api/npm/ixtlan-npm/@types/har-format/-/har-format-1.2.15.tgz",
      "integrity": "sha1-81JJNjjC+J1wZDihmp6zALSTtQY=",
      "dev": true,
      "license": "MIT"
    },
    "node_modules/typescript": {
      "version": "5.3.3",
      "resolved": "https://netom.ixtlan-team.si/artifactory/api/npm/ixtlan-npm/typescript/-/typescript-5.3.3.tgz",
      "integrity": "sha1-s85roljnLmMFumb1ybRSqu4//jc=",
      "license": "Apache-2.0",
      "bin": {
        "tsc": "bin/tsc",
        "tsserver": "bin/tsserver"
      },
      "engines": {
        "node": ">=14.17"
      }
    }
  }
}
